// !$*UTF8*$!
{
	archiveVersion = 1;
	classes = {
	};
	objectVersion = 56;
	objects = {

/* Begin PBXBuildFile section */
		0D1C78422A33E02D00FEEF02 /* MainView.swift in Sources */ = {isa = PBXBuildFile; fileRef = 0D1C78412A33E02D00FEEF02 /* MainView.swift */; };
		0D1C78442A33E05900FEEF02 /* SettingView.swift in Sources */ = {isa = PBXBuildFile; fileRef = 0D1C78432A33E05900FEEF02 /* SettingView.swift */; };
		0D1C78462A33E06800FEEF02 /* LeaderView.swift in Sources */ = {isa = PBXBuildFile; fileRef = 0D1C78452A33E06800FEEF02 /* LeaderView.swift */; };
		0D1C78482A33E08500FEEF02 /* RoomsView.swift in Sources */ = {isa = PBXBuildFile; fileRef = 0D1C78472A33E08500FEEF02 /* RoomsView.swift */; };
		0D1C784A2A33E0A000FEEF02 /* WatingView.swift in Sources */ = {isa = PBXBuildFile; fileRef = 0D1C78492A33E0A000FEEF02 /* WatingView.swift */; };
		0D1C784C2A38E8E700FEEF02 /* AccountViewModel.swift in Sources */ = {isa = PBXBuildFile; fileRef = 0D1C784B2A38E8E700FEEF02 /* AccountViewModel.swift */; };
		0D1C784E2A38E95700FEEF02 /* User.swift in Sources */ = {isa = PBXBuildFile; fileRef = 0D1C784D2A38E95700FEEF02 /* User.swift */; };
		0D1C78502A39941D00FEEF02 /* Room.swift in Sources */ = {isa = PBXBuildFile; fileRef = 0D1C784F2A39941D00FEEF02 /* Room.swift */; };
		0D1C78522A399A7F00FEEF02 /* RoomViewModel.swift in Sources */ = {isa = PBXBuildFile; fileRef = 0D1C78512A399A7F00FEEF02 /* RoomViewModel.swift */; };
		0D1C78542A3AB64F00FEEF02 /* CardView.swift in Sources */ = {isa = PBXBuildFile; fileRef = 0D1C78532A3AB64F00FEEF02 /* CardView.swift */; };
		0D1C78562A3AEA0100FEEF02 /* GameOverView.swift in Sources */ = {isa = PBXBuildFile; fileRef = 0D1C78552A3AEA0100FEEF02 /* GameOverView.swift */; };
		0D822BE52A26122400781393 /* LoveLetterApp.swift in Sources */ = {isa = PBXBuildFile; fileRef = 0D822BE42A26122400781393 /* LoveLetterApp.swift */; };
		0D822BE92A26122600781393 /* Assets.xcassets in Resources */ = {isa = PBXBuildFile; fileRef = 0D822BE82A26122600781393 /* Assets.xcassets */; };
		0D822BEC2A26122600781393 /* Preview Assets.xcassets in Resources */ = {isa = PBXBuildFile; fileRef = 0D822BEB2A26122600781393 /* Preview Assets.xcassets */; };
		0D822BF62A26122600781393 /* LoveLetterTests.swift in Sources */ = {isa = PBXBuildFile; fileRef = 0D822BF52A26122600781393 /* LoveLetterTests.swift */; };
		0D822C002A26122600781393 /* LoveLetterUITests.swift in Sources */ = {isa = PBXBuildFile; fileRef = 0D822BFF2A26122600781393 /* LoveLetterUITests.swift */; };
		0D822C022A26122600781393 /* LoveLetterUITestsLaunchTests.swift in Sources */ = {isa = PBXBuildFile; fileRef = 0D822C012A26122600781393 /* LoveLetterUITestsLaunchTests.swift */; };
		0DDA0FDE2A2672F300FDEA02 /* GameView.swift in Sources */ = {isa = PBXBuildFile; fileRef = 0DDA0FDD2A2672F300FDEA02 /* GameView.swift */; };
		0DDA0FE02A26731F00FDEA02 /* Game.swift in Sources */ = {isa = PBXBuildFile; fileRef = 0DDA0FDF2A26731F00FDEA02 /* Game.swift */; };
		0DDA0FE22A26734B00FDEA02 /* GameViewModel.swift in Sources */ = {isa = PBXBuildFile; fileRef = 0DDA0FE12A26734B00FDEA02 /* GameViewModel.swift */; };
		0DDA0FE82A267FD500FDEA02 /* PlayerView.swift in Sources */ = {isa = PBXBuildFile; fileRef = 0DDA0FE72A267FD500FDEA02 /* PlayerView.swift */; };
		0DDA0FEA2A267FF200FDEA02 /* OpponentView.swift in Sources */ = {isa = PBXBuildFile; fileRef = 0DDA0FE92A267FF200FDEA02 /* OpponentView.swift */; };
		0DDA0FEC2A26802700FDEA02 /* TableView.swift in Sources */ = {isa = PBXBuildFile; fileRef = 0DDA0FEB2A26802700FDEA02 /* TableView.swift */; };
		0DDA0FEF2A268B0600FDEA02 /* FirebaseAuth in Frameworks */ = {isa = PBXBuildFile; productRef = 0DDA0FEE2A268B0600FDEA02 /* FirebaseAuth */; };
		0DDA0FF12A268B0600FDEA02 /* FirebaseFirestoreSwift in Frameworks */ = {isa = PBXBuildFile; productRef = 0DDA0FF02A268B0600FDEA02 /* FirebaseFirestoreSwift */; };
		0DDA0FF32A268B0600FDEA02 /* FirebaseStorage in Frameworks */ = {isa = PBXBuildFile; productRef = 0DDA0FF22A268B0600FDEA02 /* FirebaseStorage */; };
		0DDA0FF52A268C8E00FDEA02 /* GoogleService-Info.plist in Resources */ = {isa = PBXBuildFile; fileRef = 0DDA0FF42A268C8E00FDEA02 /* GoogleService-Info.plist */; };
/* End PBXBuildFile section */

/* Begin PBXContainerItemProxy section */
		0D822BF22A26122600781393 /* PBXContainerItemProxy */ = {
			isa = PBXContainerItemProxy;
			containerPortal = 0D822BD92A26122400781393 /* Project object */;
			proxyType = 1;
			remoteGlobalIDString = 0D822BE02A26122400781393;
			remoteInfo = LoveLetter;
		};
		0D822BFC2A26122600781393 /* PBXContainerItemProxy */ = {
			isa = PBXContainerItemProxy;
			containerPortal = 0D822BD92A26122400781393 /* Project object */;
			proxyType = 1;
			remoteGlobalIDString = 0D822BE02A26122400781393;
			remoteInfo = LoveLetter;
		};
/* End PBXContainerItemProxy section */

/* Begin PBXFileReference section */
		0D1C78412A33E02D00FEEF02 /* MainView.swift */ = {isa = PBXFileReference; lastKnownFileType = sourcecode.swift; path = MainView.swift; sourceTree = "<group>"; };
		0D1C78432A33E05900FEEF02 /* SettingView.swift */ = {isa = PBXFileReference; lastKnownFileType = sourcecode.swift; path = SettingView.swift; sourceTree = "<group>"; };
		0D1C78452A33E06800FEEF02 /* LeaderView.swift */ = {isa = PBXFileReference; lastKnownFileType = sourcecode.swift; path = LeaderView.swift; sourceTree = "<group>"; };
		0D1C78472A33E08500FEEF02 /* RoomsView.swift */ = {isa = PBXFileReference; lastKnownFileType = sourcecode.swift; path = RoomsView.swift; sourceTree = "<group>"; };
		0D1C78492A33E0A000FEEF02 /* WatingView.swift */ = {isa = PBXFileReference; lastKnownFileType = sourcecode.swift; path = WatingView.swift; sourceTree = "<group>"; };
		0D1C784B2A38E8E700FEEF02 /* AccountViewModel.swift */ = {isa = PBXFileReference; lastKnownFileType = sourcecode.swift; path = AccountViewModel.swift; sourceTree = "<group>"; };
		0D1C784D2A38E95700FEEF02 /* User.swift */ = {isa = PBXFileReference; lastKnownFileType = sourcecode.swift; path = User.swift; sourceTree = "<group>"; };
		0D1C784F2A39941D00FEEF02 /* Room.swift */ = {isa = PBXFileReference; lastKnownFileType = sourcecode.swift; path = Room.swift; sourceTree = "<group>"; };
		0D1C78512A399A7F00FEEF02 /* RoomViewModel.swift */ = {isa = PBXFileReference; lastKnownFileType = sourcecode.swift; path = RoomViewModel.swift; sourceTree = "<group>"; };
		0D1C78532A3AB64F00FEEF02 /* CardView.swift */ = {isa = PBXFileReference; lastKnownFileType = sourcecode.swift; path = CardView.swift; sourceTree = "<group>"; };
		0D1C78552A3AEA0100FEEF02 /* GameOverView.swift */ = {isa = PBXFileReference; lastKnownFileType = sourcecode.swift; path = GameOverView.swift; sourceTree = "<group>"; };
		0D822BE12A26122400781393 /* LoveLetter.app */ = {isa = PBXFileReference; explicitFileType = wrapper.application; includeInIndex = 0; path = LoveLetter.app; sourceTree = BUILT_PRODUCTS_DIR; };
		0D822BE42A26122400781393 /* LoveLetterApp.swift */ = {isa = PBXFileReference; lastKnownFileType = sourcecode.swift; path = LoveLetterApp.swift; sourceTree = "<group>"; };
		0D822BE82A26122600781393 /* Assets.xcassets */ = {isa = PBXFileReference; lastKnownFileType = folder.assetcatalog; path = Assets.xcassets; sourceTree = "<group>"; };
		0D822BEB2A26122600781393 /* Preview Assets.xcassets */ = {isa = PBXFileReference; lastKnownFileType = folder.assetcatalog; path = "Preview Assets.xcassets"; sourceTree = "<group>"; };
		0D822BF12A26122600781393 /* LoveLetterTests.xctest */ = {isa = PBXFileReference; explicitFileType = wrapper.cfbundle; includeInIndex = 0; path = LoveLetterTests.xctest; sourceTree = BUILT_PRODUCTS_DIR; };
		0D822BF52A26122600781393 /* LoveLetterTests.swift */ = {isa = PBXFileReference; lastKnownFileType = sourcecode.swift; path = LoveLetterTests.swift; sourceTree = "<group>"; };
		0D822BFB2A26122600781393 /* LoveLetterUITests.xctest */ = {isa = PBXFileReference; explicitFileType = wrapper.cfbundle; includeInIndex = 0; path = LoveLetterUITests.xctest; sourceTree = BUILT_PRODUCTS_DIR; };
		0D822BFF2A26122600781393 /* LoveLetterUITests.swift */ = {isa = PBXFileReference; lastKnownFileType = sourcecode.swift; path = LoveLetterUITests.swift; sourceTree = "<group>"; };
		0D822C012A26122600781393 /* LoveLetterUITestsLaunchTests.swift */ = {isa = PBXFileReference; lastKnownFileType = sourcecode.swift; path = LoveLetterUITestsLaunchTests.swift; sourceTree = "<group>"; };
		0DDA0FDD2A2672F300FDEA02 /* GameView.swift */ = {isa = PBXFileReference; lastKnownFileType = sourcecode.swift; path = GameView.swift; sourceTree = "<group>"; };
		0DDA0FDF2A26731F00FDEA02 /* Game.swift */ = {isa = PBXFileReference; lastKnownFileType = sourcecode.swift; path = Game.swift; sourceTree = "<group>"; };
		0DDA0FE12A26734B00FDEA02 /* GameViewModel.swift */ = {isa = PBXFileReference; lastKnownFileType = sourcecode.swift; path = GameViewModel.swift; sourceTree = "<group>"; };
		0DDA0FE72A267FD500FDEA02 /* PlayerView.swift */ = {isa = PBXFileReference; lastKnownFileType = sourcecode.swift; path = PlayerView.swift; sourceTree = "<group>"; };
		0DDA0FE92A267FF200FDEA02 /* OpponentView.swift */ = {isa = PBXFileReference; lastKnownFileType = sourcecode.swift; path = OpponentView.swift; sourceTree = "<group>"; };
		0DDA0FEB2A26802700FDEA02 /* TableView.swift */ = {isa = PBXFileReference; lastKnownFileType = sourcecode.swift; path = TableView.swift; sourceTree = "<group>"; };
		0DDA0FF42A268C8E00FDEA02 /* GoogleService-Info.plist */ = {isa = PBXFileReference; fileEncoding = 4; lastKnownFileType = text.plist.xml; path = "GoogleService-Info.plist"; sourceTree = "<group>"; };
/* End PBXFileReference section */

/* Begin PBXFrameworksBuildPhase section */
		0D822BDE2A26122400781393 /* Frameworks */ = {
			isa = PBXFrameworksBuildPhase;
			buildActionMask = 2147483647;
			files = (
				0DDA0FEF2A268B0600FDEA02 /* FirebaseAuth in Frameworks */,
				0DDA0FF12A268B0600FDEA02 /* FirebaseFirestoreSwift in Frameworks */,
				0DDA0FF32A268B0600FDEA02 /* FirebaseStorage in Frameworks */,
			);
			runOnlyForDeploymentPostprocessing = 0;
		};
		0D822BEE2A26122600781393 /* Frameworks */ = {
			isa = PBXFrameworksBuildPhase;
			buildActionMask = 2147483647;
			files = (
			);
			runOnlyForDeploymentPostprocessing = 0;
		};
		0D822BF82A26122600781393 /* Frameworks */ = {
			isa = PBXFrameworksBuildPhase;
			buildActionMask = 2147483647;
			files = (
			);
			runOnlyForDeploymentPostprocessing = 0;
		};
/* End PBXFrameworksBuildPhase section */

/* Begin PBXGroup section */
		0D822BD82A26122400781393 = {
			isa = PBXGroup;
			children = (
				0D822BE32A26122400781393 /* LoveLetter */,
				0D822BF42A26122600781393 /* LoveLetterTests */,
				0D822BFE2A26122600781393 /* LoveLetterUITests */,
				0D822BE22A26122400781393 /* Products */,
			);
			sourceTree = "<group>";
		};
		0D822BE22A26122400781393 /* Products */ = {
			isa = PBXGroup;
			children = (
				0D822BE12A26122400781393 /* LoveLetter.app */,
				0D822BF12A26122600781393 /* LoveLetterTests.xctest */,
				0D822BFB2A26122600781393 /* LoveLetterUITests.xctest */,
			);
			name = Products;
			sourceTree = "<group>";
		};
		0D822BE32A26122400781393 /* LoveLetter */ = {
			isa = PBXGroup;
			children = (
				0DDA0FF42A268C8E00FDEA02 /* GoogleService-Info.plist */,
				0DDA0FDC2A26713300FDEA02 /* View Model */,
				0DDA0FDB2A26712A00FDEA02 /* View */,
				0D910E5E2A266EEB003D401A /* Model */,
				0D822BE42A26122400781393 /* LoveLetterApp.swift */,
				0D822BE82A26122600781393 /* Assets.xcassets */,
				0D822BEA2A26122600781393 /* Preview Content */,
			);
			path = LoveLetter;
			sourceTree = "<group>";
		};
		0D822BEA2A26122600781393 /* Preview Content */ = {
			isa = PBXGroup;
			children = (
				0D822BEB2A26122600781393 /* Preview Assets.xcassets */,
			);
			path = "Preview Content";
			sourceTree = "<group>";
		};
		0D822BF42A26122600781393 /* LoveLetterTests */ = {
			isa = PBXGroup;
			children = (
				0D822BF52A26122600781393 /* LoveLetterTests.swift */,
			);
			path = LoveLetterTests;
			sourceTree = "<group>";
		};
		0D822BFE2A26122600781393 /* LoveLetterUITests */ = {
			isa = PBXGroup;
			children = (
				0D822BFF2A26122600781393 /* LoveLetterUITests.swift */,
				0D822C012A26122600781393 /* LoveLetterUITestsLaunchTests.swift */,
			);
			path = LoveLetterUITests;
			sourceTree = "<group>";
		};
		0D910E5E2A266EEB003D401A /* Model */ = {
			isa = PBXGroup;
			children = (
				0DDA0FDF2A26731F00FDEA02 /* Game.swift */,
				0D1C784D2A38E95700FEEF02 /* User.swift */,
				0D1C784F2A39941D00FEEF02 /* Room.swift */,
			);
			name = Model;
			path = /Users/qiuye/Documents/IOS_gaming/LoveLetter/LoveLetter/Model;
			sourceTree = "<absolute>";
		};
		0DDA0FDB2A26712A00FDEA02 /* View */ = {
			isa = PBXGroup;
			children = (
				0DDA0FDD2A2672F300FDEA02 /* GameView.swift */,
				0DDA0FE72A267FD500FDEA02 /* PlayerView.swift */,
				0DDA0FE92A267FF200FDEA02 /* OpponentView.swift */,
				0DDA0FEB2A26802700FDEA02 /* TableView.swift */,
				0D1C78412A33E02D00FEEF02 /* MainView.swift */,
				0D1C78432A33E05900FEEF02 /* SettingView.swift */,
				0D1C78452A33E06800FEEF02 /* LeaderView.swift */,
				0D1C78472A33E08500FEEF02 /* RoomsView.swift */,
				0D1C78492A33E0A000FEEF02 /* WatingView.swift */,
				0D1C78532A3AB64F00FEEF02 /* CardView.swift */,
				0D1C78552A3AEA0100FEEF02 /* GameOverView.swift */,
			);
			path = View;
			sourceTree = "<group>";
		};
		0DDA0FDC2A26713300FDEA02 /* View Model */ = {
			isa = PBXGroup;
			children = (
				0DDA0FE12A26734B00FDEA02 /* GameViewModel.swift */,
				0D1C784B2A38E8E700FEEF02 /* AccountViewModel.swift */,
				0D1C78512A399A7F00FEEF02 /* RoomViewModel.swift */,
			);
			path = "View Model";
			sourceTree = "<group>";
		};
/* End PBXGroup section */

/* Begin PBXNativeTarget section */
		0D822BE02A26122400781393 /* LoveLetter */ = {
			isa = PBXNativeTarget;
			buildConfigurationList = 0D822C052A26122600781393 /* Build configuration list for PBXNativeTarget "LoveLetter" */;
			buildPhases = (
				0D822BDD2A26122400781393 /* Sources */,
				0D822BDE2A26122400781393 /* Frameworks */,
				0D822BDF2A26122400781393 /* Resources */,
			);
			buildRules = (
			);
			dependencies = (
			);
			name = LoveLetter;
			packageProductDependencies = (
				0DDA0FEE2A268B0600FDEA02 /* FirebaseAuth */,
				0DDA0FF02A268B0600FDEA02 /* FirebaseFirestoreSwift */,
				0DDA0FF22A268B0600FDEA02 /* FirebaseStorage */,
			);
			productName = LoveLetter;
			productReference = 0D822BE12A26122400781393 /* LoveLetter.app */;
			productType = "com.apple.product-type.application";
		};
		0D822BF02A26122600781393 /* LoveLetterTests */ = {
			isa = PBXNativeTarget;
			buildConfigurationList = 0D822C082A26122600781393 /* Build configuration list for PBXNativeTarget "LoveLetterTests" */;
			buildPhases = (
				0D822BED2A26122600781393 /* Sources */,
				0D822BEE2A26122600781393 /* Frameworks */,
				0D822BEF2A26122600781393 /* Resources */,
			);
			buildRules = (
			);
			dependencies = (
				0D822BF32A26122600781393 /* PBXTargetDependency */,
			);
			name = LoveLetterTests;
			productName = LoveLetterTests;
			productReference = 0D822BF12A26122600781393 /* LoveLetterTests.xctest */;
			productType = "com.apple.product-type.bundle.unit-test";
		};
		0D822BFA2A26122600781393 /* LoveLetterUITests */ = {
			isa = PBXNativeTarget;
			buildConfigurationList = 0D822C0B2A26122600781393 /* Build configuration list for PBXNativeTarget "LoveLetterUITests" */;
			buildPhases = (
				0D822BF72A26122600781393 /* Sources */,
				0D822BF82A26122600781393 /* Frameworks */,
				0D822BF92A26122600781393 /* Resources */,
			);
			buildRules = (
			);
			dependencies = (
				0D822BFD2A26122600781393 /* PBXTargetDependency */,
			);
			name = LoveLetterUITests;
			productName = LoveLetterUITests;
			productReference = 0D822BFB2A26122600781393 /* LoveLetterUITests.xctest */;
			productType = "com.apple.product-type.bundle.ui-testing";
		};
/* End PBXNativeTarget section */

/* Begin PBXProject section */
		0D822BD92A26122400781393 /* Project object */ = {
			isa = PBXProject;
			attributes = {
				BuildIndependentTargetsInParallel = 1;
				LastSwiftUpdateCheck = 1430;
				LastUpgradeCheck = 1430;
				TargetAttributes = {
					0D822BE02A26122400781393 = {
						CreatedOnToolsVersion = 14.3;
					};
					0D822BF02A26122600781393 = {
						CreatedOnToolsVersion = 14.3;
						TestTargetID = 0D822BE02A26122400781393;
					};
					0D822BFA2A26122600781393 = {
						CreatedOnToolsVersion = 14.3;
						TestTargetID = 0D822BE02A26122400781393;
					};
				};
			};
			buildConfigurationList = 0D822BDC2A26122400781393 /* Build configuration list for PBXProject "LoveLetter" */;
			compatibilityVersion = "Xcode 14.0";
			developmentRegion = en;
			hasScannedForEncodings = 0;
			knownRegions = (
				en,
				Base,
			);
			mainGroup = 0D822BD82A26122400781393;
			packageReferences = (
				0DDA0FED2A268B0600FDEA02 /* XCRemoteSwiftPackageReference "firebase-ios-sdk" */,
			);
			productRefGroup = 0D822BE22A26122400781393 /* Products */;
			projectDirPath = "";
			projectRoot = "";
			targets = (
				0D822BE02A26122400781393 /* LoveLetter */,
				0D822BF02A26122600781393 /* LoveLetterTests */,
				0D822BFA2A26122600781393 /* LoveLetterUITests */,
			);
		};
/* End PBXProject section */

/* Begin PBXResourcesBuildPhase section */
		0D822BDF2A26122400781393 /* Resources */ = {
			isa = PBXResourcesBuildPhase;
			buildActionMask = 2147483647;
			files = (
				0D822BEC2A26122600781393 /* Preview Assets.xcassets in Resources */,
				0D822BE92A26122600781393 /* Assets.xcassets in Resources */,
				0DDA0FF52A268C8E00FDEA02 /* GoogleService-Info.plist in Resources */,
			);
			runOnlyForDeploymentPostprocessing = 0;
		};
		0D822BEF2A26122600781393 /* Resources */ = {
			isa = PBXResourcesBuildPhase;
			buildActionMask = 2147483647;
			files = (
			);
			runOnlyForDeploymentPostprocessing = 0;
		};
		0D822BF92A26122600781393 /* Resources */ = {
			isa = PBXResourcesBuildPhase;
			buildActionMask = 2147483647;
			files = (
			);
			runOnlyForDeploymentPostprocessing = 0;
		};
/* End PBXResourcesBuildPhase section */

/* Begin PBXSourcesBuildPhase section */
		0D822BDD2A26122400781393 /* Sources */ = {
			isa = PBXSourcesBuildPhase;
			buildActionMask = 2147483647;
			files = (
				0DDA0FDE2A2672F300FDEA02 /* GameView.swift in Sources */,
				0D1C78442A33E05900FEEF02 /* SettingView.swift in Sources */,
				0D1C78422A33E02D00FEEF02 /* MainView.swift in Sources */,
				0D1C784A2A33E0A000FEEF02 /* WatingView.swift in Sources */,
				0D1C78462A33E06800FEEF02 /* LeaderView.swift in Sources */,
				0DDA0FE82A267FD500FDEA02 /* PlayerView.swift in Sources */,
				0DDA0FEA2A267FF200FDEA02 /* OpponentView.swift in Sources */,
				0D1C78522A399A7F00FEEF02 /* RoomViewModel.swift in Sources */,
				0DDA0FEC2A26802700FDEA02 /* TableView.swift in Sources */,
				0D1C784E2A38E95700FEEF02 /* User.swift in Sources */,
				0D1C784C2A38E8E700FEEF02 /* AccountViewModel.swift in Sources */,
				0D822BE52A26122400781393 /* LoveLetterApp.swift in Sources */,
				0D1C78482A33E08500FEEF02 /* RoomsView.swift in Sources */,
				0DDA0FE22A26734B00FDEA02 /* GameViewModel.swift in Sources */,
				0DDA0FE02A26731F00FDEA02 /* Game.swift in Sources */,
				0D1C78542A3AB64F00FEEF02 /* CardView.swift in Sources */,
				0D1C78562A3AEA0100FEEF02 /* GameOverView.swift in Sources */,
				0D1C78502A39941D00FEEF02 /* Room.swift in Sources */,
			);
			runOnlyForDeploymentPostprocessing = 0;
		};
		0D822BED2A26122600781393 /* Sources */ = {
			isa = PBXSourcesBuildPhase;
			buildActionMask = 2147483647;
			files = (
				0D822BF62A26122600781393 /* LoveLetterTests.swift in Sources */,
			);
			runOnlyForDeploymentPostprocessing = 0;
		};
		0D822BF72A26122600781393 /* Sources */ = {
			isa = PBXSourcesBuildPhase;
			buildActionMask = 2147483647;
			files = (
				0D822C022A26122600781393 /* LoveLetterUITestsLaunchTests.swift in Sources */,
				0D822C002A26122600781393 /* LoveLetterUITests.swift in Sources */,
			);
			runOnlyForDeploymentPostprocessing = 0;
		};
/* End PBXSourcesBuildPhase section */

/* Begin PBXTargetDependency section */
		0D822BF32A26122600781393 /* PBXTargetDependency */ = {
			isa = PBXTargetDependency;
			target = 0D822BE02A26122400781393 /* LoveLetter */;
			targetProxy = 0D822BF22A26122600781393 /* PBXContainerItemProxy */;
		};
		0D822BFD2A26122600781393 /* PBXTargetDependency */ = {
			isa = PBXTargetDependency;
			target = 0D822BE02A26122400781393 /* LoveLetter */;
			targetProxy = 0D822BFC2A26122600781393 /* PBXContainerItemProxy */;
		};
/* End PBXTargetDependency section */

/* Begin XCBuildConfiguration section */
		0D822C032A26122600781393 /* Debug */ = {
			isa = XCBuildConfiguration;
			buildSettings = {
				ALWAYS_SEARCH_USER_PATHS = NO;
				CLANG_ANALYZER_NONNULL = YES;
				CLANG_ANALYZER_NUMBER_OBJECT_CONVERSION = YES_AGGRESSIVE;
				CLANG_CXX_LANGUAGE_STANDARD = "gnu++20";
				CLANG_ENABLE_MODULES = YES;
				CLANG_ENABLE_OBJC_ARC = YES;
				CLANG_ENABLE_OBJC_WEAK = YES;
				CLANG_WARN_BLOCK_CAPTURE_AUTORELEASING = YES;
				CLANG_WARN_BOOL_CONVERSION = YES;
				CLANG_WARN_COMMA = YES;
				CLANG_WARN_CONSTANT_CONVERSION = YES;
				CLANG_WARN_DEPRECATED_OBJC_IMPLEMENTATIONS = YES;
				CLANG_WARN_DIRECT_OBJC_ISA_USAGE = YES_ERROR;
				CLANG_WARN_DOCUMENTATION_COMMENTS = YES;
				CLANG_WARN_EMPTY_BODY = YES;
				CLANG_WARN_ENUM_CONVERSION = YES;
				CLANG_WARN_INFINITE_RECURSION = YES;
				CLANG_WARN_INT_CONVERSION = YES;
				CLANG_WARN_NON_LITERAL_NULL_CONVERSION = YES;
				CLANG_WARN_OBJC_IMPLICIT_RETAIN_SELF = YES;
				CLANG_WARN_OBJC_LITERAL_CONVERSION = YES;
				CLANG_WARN_OBJC_ROOT_CLASS = YES_ERROR;
				CLANG_WARN_QUOTED_INCLUDE_IN_FRAMEWORK_HEADER = YES;
				CLANG_WARN_RANGE_LOOP_ANALYSIS = YES;
				CLANG_WARN_STRICT_PROTOTYPES = YES;
				CLANG_WARN_SUSPICIOUS_MOVE = YES;
				CLANG_WARN_UNGUARDED_AVAILABILITY = YES_AGGRESSIVE;
				CLANG_WARN_UNREACHABLE_CODE = YES;
				CLANG_WARN__DUPLICATE_METHOD_MATCH = YES;
				COPY_PHASE_STRIP = NO;
				DEBUG_INFORMATION_FORMAT = dwarf;
				ENABLE_STRICT_OBJC_MSGSEND = YES;
				ENABLE_TESTABILITY = YES;
				GCC_C_LANGUAGE_STANDARD = gnu11;
				GCC_DYNAMIC_NO_PIC = NO;
				GCC_NO_COMMON_BLOCKS = YES;
				GCC_OPTIMIZATION_LEVEL = 0;
				GCC_PREPROCESSOR_DEFINITIONS = (
					"DEBUG=1",
					"$(inherited)",
				);
				GCC_WARN_64_TO_32_BIT_CONVERSION = YES;
				GCC_WARN_ABOUT_RETURN_TYPE = YES_ERROR;
				GCC_WARN_UNDECLARED_SELECTOR = YES;
				GCC_WARN_UNINITIALIZED_AUTOS = YES_AGGRESSIVE;
				GCC_WARN_UNUSED_FUNCTION = YES;
				GCC_WARN_UNUSED_VARIABLE = YES;
				IPHONEOS_DEPLOYMENT_TARGET = 16.4;
				MTL_ENABLE_DEBUG_INFO = INCLUDE_SOURCE;
				MTL_FAST_MATH = YES;
				ONLY_ACTIVE_ARCH = YES;
				SDKROOT = iphoneos;
				SWIFT_ACTIVE_COMPILATION_CONDITIONS = DEBUG;
				SWIFT_OPTIMIZATION_LEVEL = "-Onone";
			};
			name = Debug;
		};
		0D822C042A26122600781393 /* Release */ = {
			isa = XCBuildConfiguration;
			buildSettings = {
				ALWAYS_SEARCH_USER_PATHS = NO;
				CLANG_ANALYZER_NONNULL = YES;
				CLANG_ANALYZER_NUMBER_OBJECT_CONVERSION = YES_AGGRESSIVE;
				CLANG_CXX_LANGUAGE_STANDARD = "gnu++20";
				CLANG_ENABLE_MODULES = YES;
				CLANG_ENABLE_OBJC_ARC = YES;
				CLANG_ENABLE_OBJC_WEAK = YES;
				CLANG_WARN_BLOCK_CAPTURE_AUTORELEASING = YES;
				CLANG_WARN_BOOL_CONVERSION = YES;
				CLANG_WARN_COMMA = YES;
				CLANG_WARN_CONSTANT_CONVERSION = YES;
				CLANG_WARN_DEPRECATED_OBJC_IMPLEMENTATIONS = YES;
				CLANG_WARN_DIRECT_OBJC_ISA_USAGE = YES_ERROR;
				CLANG_WARN_DOCUMENTATION_COMMENTS = YES;
				CLANG_WARN_EMPTY_BODY = YES;
				CLANG_WARN_ENUM_CONVERSION = YES;
				CLANG_WARN_INFINITE_RECURSION = YES;
				CLANG_WARN_INT_CONVERSION = YES;
				CLANG_WARN_NON_LITERAL_NULL_CONVERSION = YES;
				CLANG_WARN_OBJC_IMPLICIT_RETAIN_SELF = YES;
				CLANG_WARN_OBJC_LITERAL_CONVERSION = YES;
				CLANG_WARN_OBJC_ROOT_CLASS = YES_ERROR;
				CLANG_WARN_QUOTED_INCLUDE_IN_FRAMEWORK_HEADER = YES;
				CLANG_WARN_RANGE_LOOP_ANALYSIS = YES;
				CLANG_WARN_STRICT_PROTOTYPES = YES;
				CLANG_WARN_SUSPICIOUS_MOVE = YES;
				CLANG_WARN_UNGUARDED_AVAILABILITY = YES_AGGRESSIVE;
				CLANG_WARN_UNREACHABLE_CODE = YES;
				CLANG_WARN__DUPLICATE_METHOD_MATCH = YES;
				COPY_PHASE_STRIP = NO;
				DEBUG_INFORMATION_FORMAT = "dwarf-with-dsym";
				ENABLE_NS_ASSERTIONS = NO;
				ENABLE_STRICT_OBJC_MSGSEND = YES;
				GCC_C_LANGUAGE_STANDARD = gnu11;
				GCC_NO_COMMON_BLOCKS = YES;
				GCC_WARN_64_TO_32_BIT_CONVERSION = YES;
				GCC_WARN_ABOUT_RETURN_TYPE = YES_ERROR;
				GCC_WARN_UNDECLARED_SELECTOR = YES;
				GCC_WARN_UNINITIALIZED_AUTOS = YES_AGGRESSIVE;
				GCC_WARN_UNUSED_FUNCTION = YES;
				GCC_WARN_UNUSED_VARIABLE = YES;
				IPHONEOS_DEPLOYMENT_TARGET = 16.4;
				MTL_ENABLE_DEBUG_INFO = NO;
				MTL_FAST_MATH = YES;
				SDKROOT = iphoneos;
				SWIFT_COMPILATION_MODE = wholemodule;
				SWIFT_OPTIMIZATION_LEVEL = "-O";
				VALIDATE_PRODUCT = YES;
			};
			name = Release;
		};
		0D822C062A26122600781393 /* Debug */ = {
			isa = XCBuildConfiguration;
			buildSettings = {
				ASSETCATALOG_COMPILER_APPICON_NAME = AppIcon;
				ASSETCATALOG_COMPILER_GLOBAL_ACCENT_COLOR_NAME = AccentColor;
				CODE_SIGN_STYLE = Automatic;
				CURRENT_PROJECT_VERSION = 1;
				DEVELOPMENT_ASSET_PATHS = "\"LoveLetter/Preview Content\"";
				ENABLE_PREVIEWS = YES;
				GENERATE_INFOPLIST_FILE = YES;
				INFOPLIST_KEY_UIApplicationSceneManifest_Generation = YES;
				INFOPLIST_KEY_UIApplicationSupportsIndirectInputEvents = YES;
				INFOPLIST_KEY_UILaunchScreen_Generation = YES;
				INFOPLIST_KEY_UISupportedInterfaceOrientations_iPad = "UIInterfaceOrientationPortrait UIInterfaceOrientationPortraitUpsideDown UIInterfaceOrientationLandscapeLeft UIInterfaceOrientationLandscapeRight";
				INFOPLIST_KEY_UISupportedInterfaceOrientations_iPhone = "UIInterfaceOrientationPortrait UIInterfaceOrientationLandscapeLeft UIInterfaceOrientationLandscapeRight";
				LD_RUNPATH_SEARCH_PATHS = (
					"$(inherited)",
					"@executable_path/Frameworks",
				);
				MARKETING_VERSION = 1.0;
				PRODUCT_BUNDLE_IDENTIFIER = yuanqiuye.LoveLetter;
				PRODUCT_NAME = "$(TARGET_NAME)";
				SWIFT_EMIT_LOC_STRINGS = YES;
				SWIFT_VERSION = 5.0;
				TARGETED_DEVICE_FAMILY = "1,2";
			};
			name = Debug;
		};
		0D822C072A26122600781393 /* Release */ = {
			isa = XCBuildConfiguration;
			buildSettings = {
				ASSETCATALOG_COMPILER_APPICON_NAME = AppIcon;
				ASSETCATALOG_COMPILER_GLOBAL_ACCENT_COLOR_NAME = AccentColor;
				CODE_SIGN_STYLE = Automatic;
				CURRENT_PROJECT_VERSION = 1;
				DEVELOPMENT_ASSET_PATHS = "\"LoveLetter/Preview Content\"";
				ENABLE_PREVIEWS = YES;
				GENERATE_INFOPLIST_FILE = YES;
				INFOPLIST_KEY_UIApplicationSceneManifest_Generation = YES;
				INFOPLIST_KEY_UIApplicationSupportsIndirectInputEvents = YES;
				INFOPLIST_KEY_UILaunchScreen_Generation = YES;
				INFOPLIST_KEY_UISupportedInterfaceOrientations_iPad = "UIInterfaceOrientationPortrait UIInterfaceOrientationPortraitUpsideDown UIInterfaceOrientationLandscapeLeft UIInterfaceOrientationLandscapeRight";
				INFOPLIST_KEY_UISupportedInterfaceOrientations_iPhone = "UIInterfaceOrientationPortrait UIInterfaceOrientationLandscapeLeft UIInterfaceOrientationLandscapeRight";
				LD_RUNPATH_SEARCH_PATHS = (
					"$(inherited)",
					"@executable_path/Frameworks",
				);
				MARKETING_VERSION = 1.0;
				PRODUCT_BUNDLE_IDENTIFIER = yuanqiuye.LoveLetter;
				PRODUCT_NAME = "$(TARGET_NAME)";
				SWIFT_EMIT_LOC_STRINGS = YES;
				SWIFT_VERSION = 5.0;
				TARGETED_DEVICE_FAMILY = "1,2";
			};
			name = Release;
		};
		0D822C092A26122600781393 /* Debug */ = {
			isa = XCBuildConfiguration;
			buildSettings = {
				ALWAYS_EMBED_SWIFT_STANDARD_LIBRARIES = YES;
				BUNDLE_LOADER = "$(TEST_HOST)";
				CODE_SIGN_STYLE = Automatic;
				CURRENT_PROJECT_VERSION = 1;
				GENERATE_INFOPLIST_FILE = YES;
				IPHONEOS_DEPLOYMENT_TARGET = 16.4;
				MARKETING_VERSION = 1.0;
				PRODUCT_BUNDLE_IDENTIFIER = yuanqiuye.LoveLetterTests;
				PRODUCT_NAME = "$(TARGET_NAME)";
				SWIFT_EMIT_LOC_STRINGS = NO;
				SWIFT_VERSION = 5.0;
				TARGETED_DEVICE_FAMILY = "1,2";
				TEST_HOST = "$(BUILT_PRODUCTS_DIR)/LoveLetter.app/$(BUNDLE_EXECUTABLE_FOLDER_PATH)/LoveLetter";
			};
			name = Debug;
		};
		0D822C0A2A26122600781393 /* Release */ = {
			isa = XCBuildConfiguration;
			buildSettings = {
				ALWAYS_EMBED_SWIFT_STANDARD_LIBRARIES = YES;
				BUNDLE_LOADER = "$(TEST_HOST)";
				CODE_SIGN_STYLE = Automatic;
				CURRENT_PROJECT_VERSION = 1;
				GENERATE_INFOPLIST_FILE = YES;
				IPHONEOS_DEPLOYMENT_TARGET = 16.4;
				MARKETING_VERSION = 1.0;
				PRODUCT_BUNDLE_IDENTIFIER = yuanqiuye.LoveLetterTests;
				PRODUCT_NAME = "$(TARGET_NAME)";
				SWIFT_EMIT_LOC_STRINGS = NO;
				SWIFT_VERSION = 5.0;
				TARGETED_DEVICE_FAMILY = "1,2";
				TEST_HOST = "$(BUILT_PRODUCTS_DIR)/LoveLetter.app/$(BUNDLE_EXECUTABLE_FOLDER_PATH)/LoveLetter";
			};
			name = Release;
		};
		0D822C0C2A26122600781393 /* Debug */ = {
			isa = XCBuildConfiguration;
			buildSettings = {
				ALWAYS_EMBED_SWIFT_STANDARD_LIBRARIES = YES;
				CODE_SIGN_STYLE = Automatic;
				CURRENT_PROJECT_VERSION = 1;
				GENERATE_INFOPLIST_FILE = YES;
				MARKETING_VERSION = 1.0;
				PRODUCT_BUNDLE_IDENTIFIER = yuanqiuye.LoveLetterUITests;
				PRODUCT_NAME = "$(TARGET_NAME)";
				SWIFT_EMIT_LOC_STRINGS = NO;
				SWIFT_VERSION = 5.0;
				TARGETED_DEVICE_FAMILY = "1,2";
				TEST_TARGET_NAME = LoveLetter;
			};
			name = Debug;
		};
		0D822C0D2A26122600781393 /* Release */ = {
			isa = XCBuildConfiguration;
			buildSettings = {
				ALWAYS_EMBED_SWIFT_STANDARD_LIBRARIES = YES;
				CODE_SIGN_STYLE = Automatic;
				CURRENT_PROJECT_VERSION = 1;
				GENERATE_INFOPLIST_FILE = YES;
				MARKETING_VERSION = 1.0;
				PRODUCT_BUNDLE_IDENTIFIER = yuanqiuye.LoveLetterUITests;
				PRODUCT_NAME = "$(TARGET_NAME)";
				SWIFT_EMIT_LOC_STRINGS = NO;
				SWIFT_VERSION = 5.0;
				TARGETED_DEVICE_FAMILY = "1,2";
				TEST_TARGET_NAME = LoveLetter;
			};
			name = Release;
		};
/* End XCBuildConfiguration section */

/* Begin XCConfigurationList section */
		0D822BDC2A26122400781393 /* Build configuration list for PBXProject "LoveLetter" */ = {
			isa = XCConfigurationList;
			buildConfigurations = (
				0D822C032A26122600781393 /* Debug */,
				0D822C042A26122600781393 /* Release */,
			);
			defaultConfigurationIsVisible = 0;
			defaultConfigurationName = Release;
		};
		0D822C052A26122600781393 /* Build configuration list for PBXNativeTarget "LoveLetter" */ = {
			isa = XCConfigurationList;
			buildConfigurations = (
				0D822C062A26122600781393 /* Debug */,
				0D822C072A26122600781393 /* Release */,
			);
			defaultConfigurationIsVisible = 0;
			defaultConfigurationName = Release;
		};
		0D822C082A26122600781393 /* Build configuration list for PBXNativeTarget "LoveLetterTests" */ = {
			isa = XCConfigurationList;
			buildConfigurations = (
				0D822C092A26122600781393 /* Debug */,
				0D822C0A2A26122600781393 /* Release */,
			);
			defaultConfigurationIsVisible = 0;
			defaultConfigurationName = Release;
		};
		0D822C0B2A26122600781393 /* Build configuration list for PBXNativeTarget "LoveLetterUITests" */ = {
			isa = XCConfigurationList;
			buildConfigurations = (
				0D822C0C2A26122600781393 /* Debug */,
				0D822C0D2A26122600781393 /* Release */,
			);
			defaultConfigurationIsVisible = 0;
			defaultConfigurationName = Release;
		};
/* End XCConfigurationList section */

/* Begin XCRemoteSwiftPackageReference section */
		0DDA0FED2A268B0600FDEA02 /* XCRemoteSwiftPackageReference "firebase-ios-sdk" */ = {
			isa = XCRemoteSwiftPackageReference;
			repositoryURL = "https://github.com/firebase/firebase-ios-sdk";
			requirement = {
				kind = upToNextMajorVersion;
				minimumVersion = 10.0.0;
			};
		};
/* End XCRemoteSwiftPackageReference section */

/* Begin XCSwiftPackageProductDependency section */
		0DDA0FEE2A268B0600FDEA02 /* FirebaseAuth */ = {
			isa = XCSwiftPackageProductDependency;
			package = 0DDA0FED2A268B0600FDEA02 /* XCRemoteSwiftPackageReference "firebase-ios-sdk" */;
			productName = FirebaseAuth;
		};
		0DDA0FF02A268B0600FDEA02 /* FirebaseFirestoreSwift */ = {
			isa = XCSwiftPackageProductDependency;
			package = 0DDA0FED2A268B0600FDEA02 /* XCRemoteSwiftPackageReference "firebase-ios-sdk" */;
			productName = FirebaseFirestoreSwift;
		};
		0DDA0FF22A268B0600FDEA02 /* FirebaseStorage */ = {
			isa = XCSwiftPackageProductDependency;
			package = 0DDA0FED2A268B0600FDEA02 /* XCRemoteSwiftPackageReference "firebase-ios-sdk" */;
			productName = FirebaseStorage;
		};
/* End XCSwiftPackageProductDependency section */
	};
	rootObject = 0D822BD92A26122400781393 /* Project object */;
}
